
Microsoft Visual Studio Solution File, Format Version 12.00
# Visual Studio Version 16
VisualStudioVersion = 16.0.32413.511
MinimumVisualStudioVersion = 10.0.40219.1
Project("{FAE04EC0-301F-11D3-BF4B-00C04F79EFBC}") = "Aangetekende brief", "Aangetekende brief\Aangetekende brief.csproj", "{A75FA73D-3216-4A33-AFA8-1F6338F084BA}"
EndProject
Global
	GlobalSection(SolutionConfigurationPlatforms) = preSolution
		Debug|Any CPU = Debug|Any CPU
		Release|Any CPU = Release|Any CPU
	EndGlobalSection
	GlobalSection(ProjectConfigurationPlatforms) = postSolution
		{A75FA73D-3216-4A33-AFA8-1F6338F084BA}.Debug|Any CPU.ActiveCfg = Debug|Any CPU
		{A75FA73D-3216-4A33-AFA8-1F6338F084BA}.Debug|Any CPU.Build.0 = Debug|Any CPU
		{A75FA73D-3216-4A33-AFA8-1F6338F084BA}.Release|Any CPU.ActiveCfg = Release|Any CPU
		{A75FA73D-3216-4A33-AFA8-1F6338F084BA}.Release|Any CPU.Build.0 = Release|Any CPU
	EndGlobalSection
	GlobalSection(SolutionProperties) = preSolution
		HideSolutionNode = FALSE
	EndGlobalSection
	GlobalSection(ExtensibilityGlobals) = postSolution
		SolutionGuid = {B8B84A87-6EA2-436C-AF25-2F44040CB814}
	EndGlobalSection
EndGlobal
